{"1.2.0",
[{<<"elli">>,{pkg,<<"elli">>,<<"3.3.0">>},0},
 {<<"eqwalizer_support">>,
  {git_subdir,"https://github.com/whatsapp/eqwalizer.git",
              {ref,"092cf1e1e9854c8d2ef8fa8b9935b1dc45fff070"},
              "eqwalizer_support"},
  0},
 {<<"erldantic">>,
  {git,"https://github.com/andreashasse/erldantic.git",
       {ref,"7cf59ab09e3380dc9ef8030cc8588ed42a555110"}},
  0},
 {<<"jesse">>,{pkg,<<"jesse">>,<<"1.8.1">>},1},
 {<<"parse_trans">>,{pkg,<<"parse_trans">>,<<"3.4.2">>},1},
 {<<"proper">>,{pkg,<<"proper">>,<<"1.5.0">>},1}]}.
[
{pkg_hash,[
 {<<"elli">>, <<"089218762A7FF3D20AE81C8E911BD0F73EE4EE0ED85454226D1FC6B4FFF3B4F6">>},
 {<<"jesse">>, <<"C9E3670C7EE40F719734E3BC716578143AABA93FC7525A02A7D5CB300B3AD71E">>},
 {<<"parse_trans">>, <<"C352DDC1A0D5E54F9B1654D45F9C432EEF76F9CEA371C55DDFF769EF688FDB74">>},
 {<<"proper">>, <<"4A87CE8B219858E64C9AA015F4F7ED739D0AC3CA6BFD77FA62794617EE784225">>}]},
{pkg_hash_ext,[
 {<<"elli">>, <<"698B13B33D05661DB9FE7EFCBA41B84825A379CCE86E486CF6AFF9285BE0CCF8">>},
 {<<"jesse">>, <<"0EDED3F18623FDA2F25989804A06CF518B4ACF2E9365B18C8E8C013D7E3C906F">>},
 {<<"parse_trans">>, <<"4C25347DE3B7C35732D32E69AB43D1CEEE0BEAE3F3B3ADE1B59CBD3DD224D9CA">>},
 {<<"proper">>, <<"FBF7CF0625E5441A314514F7D8E1EAFF52090FCD94FF34B5171FF293D3F9969A">>}]}
].
