{"1.2.0",
[{<<"elli">>,{pkg,<<"elli">>,<<"3.3.0">>},0},
 {<<"eqwalizer_support">>,
  {git_subdir,"https://github.com/whatsapp/eqwalizer.git",
              {ref,"c4d1098174cec06bd124855f3a28dfd6eda0a581"},
              "eqwalizer_support"},
  0},
 {<<"erldantic">>,
  {git,"https://github.com/andreashasse/erldantic.git",
       {ref,"61f6dd6ad75025e08dd586b68a1704a4c8fae38d"}},
  0}]}.
[
{pkg_hash,[
 {<<"elli">>, <<"089218762A7FF3D20AE81C8E911BD0F73EE4EE0ED85454226D1FC6B4FFF3B4F6">>}]},
{pkg_hash_ext,[
 {<<"elli">>, <<"698B13B33D05661DB9FE7EFCBA41B84825A379CCE86E486CF6AFF9285BE0CCF8">>}]}
].
